PODS:
  - Flutter (1.0.0)
  - liquid_glass_container (0.0.1):
    - Flutter

DEPENDENCIES:
  - Flutter (from `Flutter`)
  - liquid_glass_container (from `.symlinks/plugins/liquid_glass_container/ios`)

EXTERNAL SOURCES:
  Flutter:
    :path: Flutter
  liquid_glass_container:
    :path: ".symlinks/plugins/liquid_glass_container/ios"

SPEC CHECKSUMS:
  Flutter: cabc95a1d2626b1b06e7179b784ebcf0c0cde467
  liquid_glass_container: 631111a210b002304edf5270e2e79220f6d48278

PODFILE CHECKSUM: 3c63482e143d1b91d2d2560aee9fb04ecc74ac7e

COCOAPODS: 1.16.2
